Microsoft Visual Studio Solution File, Format Version 12.00
# Visual Studio Version 17
VisualStudioVersion = 17.5.2.0
MinimumVisualStudioVersion = 10.0.40219.1
Project("{FAE04EC0-301F-11D3-BF4B-00C04F79EFBC}") = "QuestForge", "QuestForge\QuestForge.csproj", "{EFC56406-2774-448B-E470-06650CFCA434}"
EndProject
Global
	GlobalSection(SolutionConfigurationPlatforms) = preSolution
		Debug|Any CPU = Debug|Any CPU
		Release|Any CPU = Release|Any CPU
	EndGlobalSection
	GlobalSection(ProjectConfigurationPlatforms) = postSolution
		{EFC56406-2774-448B-E470-06650CFCA434}.Debug|Any CPU.ActiveCfg = Debug|Any CPU
		{EFC56406-2774-448B-E470-06650CFCA434}.Debug|Any CPU.Build.0 = Debug|Any CPU
		{EFC56406-2774-448B-E470-06650CFCA434}.Release|Any CPU.ActiveCfg = Release|Any CPU
		{EFC56406-2774-448B-E470-06650CFCA434}.Release|Any CPU.Build.0 = Release|Any CPU
	EndGlobalSection
	GlobalSection(SolutionProperties) = preSolution
		HideSolutionNode = FALSE
	EndGlobalSection
	GlobalSection(ExtensibilityGlobals) = postSolution
		SolutionGuid = {281D4B7B-2FD6-4B1B-9EF7-B8F8569498F0}
	EndGlobalSection
EndGlobal
